// !$*UTF8*$!
{
	archiveVersion = 1;
	classes = {
	};
	objectVersion = 55;
	objects = {

/* Begin PBXBuildFile section */
		4CD8CC23282C30020096B7A7 /* SandboxSwiftUIApp.swift in Sources */ = {isa = PBXBuildFile; fileRef = 4CD8CC22282C30020096B7A7 /* SandboxSwiftUIApp.swift */; };
		4CD8CC25282C30020096B7A7 /* ContentView.swift in Sources */ = {isa = PBXBuildFile; fileRef = 4CD8CC24282C30020096B7A7 /* ContentView.swift */; };
		4CD8CC27282C30030096B7A7 /* Assets.xcassets in Resources */ = {isa = PBXBuildFile; fileRef = 4CD8CC26282C30030096B7A7 /* Assets.xcassets */; };
		4CD8CC2A282C30030096B7A7 /* Preview Assets.xcassets in Resources */ = {isa = PBXBuildFile; fileRef = 4CD8CC29282C30030096B7A7 /* Preview Assets.xcassets */; };
		4CD8CC34282C30030096B7A7 /* SandboxSwiftUITests.swift in Sources */ = {isa = PBXBuildFile; fileRef = 4CD8CC33282C30030096B7A7 /* SandboxSwiftUITests.swift */; };
		4CD8CC3E282C30030096B7A7 /* SandboxSwiftUIUITests.swift in Sources */ = {isa = PBXBuildFile; fileRef = 4CD8CC3D282C30030096B7A7 /* SandboxSwiftUIUITests.swift */; };
		4CD8CC40282C30030096B7A7 /* SandboxSwiftUIUITestsLaunchTests.swift in Sources */ = {isa = PBXBuildFile; fileRef = 4CD8CC3F282C30030096B7A7 /* SandboxSwiftUIUITestsLaunchTests.swift */; };
/* End PBXBuildFile section */

/* Begin PBXContainerItemProxy section */
		4CD8CC30282C30030096B7A7 /* PBXContainerItemProxy */ = {
			isa = PBXContainerItemProxy;
			containerPortal = 4CD8CC17282C30020096B7A7 /* Project object */;
			proxyType = 1;
			remoteGlobalIDString = 4CD8CC1E282C30020096B7A7;
			remoteInfo = SandboxSwiftUI;
		};
		4CD8CC3A282C30030096B7A7 /* PBXContainerItemProxy */ = {
			isa = PBXContainerItemProxy;
			containerPortal = 4CD8CC17282C30020096B7A7 /* Project object */;
			proxyType = 1;
			remoteGlobalIDString = 4CD8CC1E282C30020096B7A7;
			remoteInfo = SandboxSwiftUI;
		};
/* End PBXContainerItemProxy section */

/* Begin PBXFileReference section */
		4CD8CC1F282C30020096B7A7 /* SandboxSwiftUI.app */ = {isa = PBXFileReference; explicitFileType = wrapper.application; includeInIndex = 0; path = SandboxSwiftUI.app; sourceTree = BUILT_PRODUCTS_DIR; };
		4CD8CC22282C30020096B7A7 /* SandboxSwiftUIApp.swift */ = {isa = PBXFileReference; lastKnownFileType = sourcecode.swift; path = SandboxSwiftUIApp.swift; sourceTree = "<group>"; };
		4CD8CC24282C30020096B7A7 /* ContentView.swift */ = {isa = PBXFileReference; lastKnownFileType = sourcecode.swift; path = ContentView.swift; sourceTree = "<group>"; };
		4CD8CC26282C30030096B7A7 /* Assets.xcassets */ = {isa = PBXFileReference; lastKnownFileType = folder.assetcatalog; path = Assets.xcassets; sourceTree = "<group>"; };
		4CD8CC29282C30030096B7A7 /* Preview Assets.xcassets */ = {isa = PBXFileReference; lastKnownFileType = folder.assetcatalog; path = "Preview Assets.xcassets"; sourceTree = "<group>"; };
		4CD8CC2F282C30030096B7A7 /* SandboxSwiftUITests.xctest */ = {isa = PBXFileReference; explicitFileType = wrapper.cfbundle; includeInIndex = 0; path = SandboxSwiftUITests.xctest; sourceTree = BUILT_PRODUCTS_DIR; };
		4CD8CC33282C30030096B7A7 /* SandboxSwiftUITests.swift */ = {isa = PBXFileReference; lastKnownFileType = sourcecode.swift; path = SandboxSwiftUITests.swift; sourceTree = "<group>"; };
		4CD8CC39282C30030096B7A7 /* SandboxSwiftUIUITests.xctest */ = {isa = PBXFileReference; explicitFileType = wrapper.cfbundle; includeInIndex = 0; path = SandboxSwiftUIUITests.xctest; sourceTree = BUILT_PRODUCTS_DIR; };
		4CD8CC3D282C30030096B7A7 /* SandboxSwiftUIUITests.swift */ = {isa = PBXFileReference; lastKnownFileType = sourcecode.swift; path = SandboxSwiftUIUITests.swift; sourceTree = "<group>"; };
		4CD8CC3F282C30030096B7A7 /* SandboxSwiftUIUITestsLaunchTests.swift */ = {isa = PBXFileReference; lastKnownFileType = sourcecode.swift; path = SandboxSwiftUIUITestsLaunchTests.swift; sourceTree = "<group>"; };
/* End PBXFileReference section */

/* Begin PBXFrameworksBuildPhase section */
		4CD8CC1C282C30020096B7A7 /* Frameworks */ = {
			isa = PBXFrameworksBuildPhase;
			buildActionMask = 2147483647;
			files = (
			);
			runOnlyForDeploymentPostprocessing = 0;
		};
		4CD8CC2C282C30030096B7A7 /* Frameworks */ = {
			isa = PBXFrameworksBuildPhase;
			buildActionMask = 2147483647;
			files = (
			);
			runOnlyForDeploymentPostprocessing = 0;
		};
		4CD8CC36282C30030096B7A7 /* Frameworks */ = {
			isa = PBXFrameworksBuildPhase;
			buildActionMask = 2147483647;
			files = (
			);
			runOnlyForDeploymentPostprocessing = 0;
		};
/* End PBXFrameworksBuildPhase section */

/* Begin PBXGroup section */
		4CD8CC16282C30020096B7A7 = {
			isa = PBXGroup;
			children = (
				4CD8CC21282C30020096B7A7 /* SandboxSwiftUI */,
				4CD8CC32282C30030096B7A7 /* SandboxSwiftUITests */,
				4CD8CC3C282C30030096B7A7 /* SandboxSwiftUIUITests */,
				4CD8CC20282C30020096B7A7 /* Products */,
			);
			sourceTree = "<group>";
		};
		4CD8CC20282C30020096B7A7 /* Products */ = {
			isa = PBXGroup;
			children = (
				4CD8CC1F282C30020096B7A7 /* SandboxSwiftUI.app */,
				4CD8CC2F282C30030096B7A7 /* SandboxSwiftUITests.xctest */,
				4CD8CC39282C30030096B7A7 /* SandboxSwiftUIUITests.xctest */,
			);
			name = Products;
			sourceTree = "<group>";
		};
		4CD8CC21282C30020096B7A7 /* SandboxSwiftUI */ = {
			isa = PBXGroup;
			children = (
				4CD8CC22282C30020096B7A7 /* SandboxSwiftUIApp.swift */,
				4CD8CC24282C30020096B7A7 /* ContentView.swift */,
				4CD8CC26282C30030096B7A7 /* Assets.xcassets */,
				4CD8CC28282C30030096B7A7 /* Preview Content */,
			);
			path = SandboxSwiftUI;
			sourceTree = "<group>";
		};
		4CD8CC28282C30030096B7A7 /* Preview Content */ = {
			isa = PBXGroup;
			children = (
				4CD8CC29282C30030096B7A7 /* Preview Assets.xcassets */,
			);
			path = "Preview Content";
			sourceTree = "<group>";
		};
		4CD8CC32282C30030096B7A7 /* SandboxSwiftUITests */ = {
			isa = PBXGroup;
			children = (
				4CD8CC33282C30030096B7A7 /* SandboxSwiftUITests.swift */,
			);
			path = SandboxSwiftUITests;
			sourceTree = "<group>";
		};
		4CD8CC3C282C30030096B7A7 /* SandboxSwiftUIUITests */ = {
			isa = PBXGroup;
			children = (
				4CD8CC3D282C30030096B7A7 /* SandboxSwiftUIUITests.swift */,
				4CD8CC3F282C30030096B7A7 /* SandboxSwiftUIUITestsLaunchTests.swift */,
			);
			path = SandboxSwiftUIUITests;
			sourceTree = "<group>";
		};
/* End PBXGroup section */

/* Begin PBXNativeTarget section */
		4CD8CC1E282C30020096B7A7 /* SandboxSwiftUI */ = {
			isa = PBXNativeTarget;
			buildConfigurationList = 4CD8CC43282C30030096B7A7 /* Build configuration list for PBXNativeTarget "SandboxSwiftUI" */;
			buildPhases = (
				4CD8CC1B282C30020096B7A7 /* Sources */,
				4CD8CC1C282C30020096B7A7 /* Frameworks */,
				4CD8CC1D282C30020096B7A7 /* Resources */,
			);
			buildRules = (
			);
			dependencies = (
			);
			name = SandboxSwiftUI;
			productName = SandboxSwiftUI;
			productReference = 4CD8CC1F282C30020096B7A7 /* SandboxSwiftUI.app */;
			productType = "com.apple.product-type.application";
		};
		4CD8CC2E282C30030096B7A7 /* SandboxSwiftUITests */ = {
			isa = PBXNativeTarget;
			buildConfigurationList = 4CD8CC46282C30030096B7A7 /* Build configuration list for PBXNativeTarget "SandboxSwiftUITests" */;
			buildPhases = (
				4CD8CC2B282C30030096B7A7 /* Sources */,
				4CD8CC2C282C30030096B7A7 /* Frameworks */,
				4CD8CC2D282C30030096B7A7 /* Resources */,
			);
			buildRules = (
			);
			dependencies = (
				4CD8CC31282C30030096B7A7 /* PBXTargetDependency */,
			);
			name = SandboxSwiftUITests;
			productName = SandboxSwiftUITests;
			productReference = 4CD8CC2F282C30030096B7A7 /* SandboxSwiftUITests.xctest */;
			productType = "com.apple.product-type.bundle.unit-test";
		};
		4CD8CC38282C30030096B7A7 /* SandboxSwiftUIUITests */ = {
			isa = PBXNativeTarget;
			buildConfigurationList = 4CD8CC49282C30030096B7A7 /* Build configuration list for PBXNativeTarget "SandboxSwiftUIUITests" */;
			buildPhases = (
				4CD8CC35282C30030096B7A7 /* Sources */,
				4CD8CC36282C30030096B7A7 /* Frameworks */,
				4CD8CC37282C30030096B7A7 /* Resources */,
			);
			buildRules = (
			);
			dependencies = (
				4CD8CC3B282C30030096B7A7 /* PBXTargetDependency */,
			);
			name = SandboxSwiftUIUITests;
			productName = SandboxSwiftUIUITests;
			productReference = 4CD8CC39282C30030096B7A7 /* SandboxSwiftUIUITests.xctest */;
			productType = "com.apple.product-type.bundle.ui-testing";
		};
/* End PBXNativeTarget section */

/* Begin PBXProject section */
		4CD8CC17282C30020096B7A7 /* Project object */ = {
			isa = PBXProject;
			attributes = {
				BuildIndependentTargetsInParallel = 1;
				LastSwiftUpdateCheck = 1330;
				LastUpgradeCheck = 1330;
				TargetAttributes = {
					4CD8CC1E282C30020096B7A7 = {
						CreatedOnToolsVersion = 13.3.1;
					};
					4CD8CC2E282C30030096B7A7 = {
						CreatedOnToolsVersion = 13.3.1;
						TestTargetID = 4CD8CC1E282C30020096B7A7;
					};
					4CD8CC38282C30030096B7A7 = {
						CreatedOnToolsVersion = 13.3.1;
						TestTargetID = 4CD8CC1E282C30020096B7A7;
					};
				};
			};
			buildConfigurationList = 4CD8CC1A282C30020096B7A7 /* Build configuration list for PBXProject "SandboxSwiftUI" */;
			compatibilityVersion = "Xcode 13.0";
			developmentRegion = en;
			hasScannedForEncodings = 0;
			knownRegions = (
				en,
				Base,
			);
			mainGroup = 4CD8CC16282C30020096B7A7;
			productRefGroup = 4CD8CC20282C30020096B7A7 /* Products */;
			projectDirPath = "";
			projectRoot = "";
			targets = (
				4CD8CC1E282C30020096B7A7 /* SandboxSwiftUI */,
				4CD8CC2E282C30030096B7A7 /* SandboxSwiftUITests */,
				4CD8CC38282C30030096B7A7 /* SandboxSwiftUIUITests */,
			);
		};
/* End PBXProject section */

/* Begin PBXResourcesBuildPhase section */
		4CD8CC1D282C30020096B7A7 /* Resources */ = {
			isa = PBXResourcesBuildPhase;
			buildActionMask = 2147483647;
			files = (
				4CD8CC2A282C30030096B7A7 /* Preview Assets.xcassets in Resources */,
				4CD8CC27282C30030096B7A7 /* Assets.xcassets in Resources */,
			);
			runOnlyForDeploymentPostprocessing = 0;
		};
		4CD8CC2D282C30030096B7A7 /* Resources */ = {
			isa = PBXResourcesBuildPhase;
			buildActionMask = 2147483647;
			files = (
			);
			runOnlyForDeploymentPostprocessing = 0;
		};
		4CD8CC37282C30030096B7A7 /* Resources */ = {
			isa = PBXResourcesBuildPhase;
			buildActionMask = 2147483647;
			files = (
			);
			runOnlyForDeploymentPostprocessing = 0;
		};
/* End PBXResourcesBuildPhase section */

/* Begin PBXSourcesBuildPhase section */
		4CD8CC1B282C30020096B7A7 /* Sources */ = {
			isa = PBXSourcesBuildPhase;
			buildActionMask = 2147483647;
			files = (
				4CD8CC25282C30020096B7A7 /* ContentView.swift in Sources */,
				4CD8CC23282C30020096B7A7 /* SandboxSwiftUIApp.swift in Sources */,
			);
			runOnlyForDeploymentPostprocessing = 0;
		};
		4CD8CC2B282C30030096B7A7 /* Sources */ = {
			isa = PBXSourcesBuildPhase;
			buildActionMask = 2147483647;
			files = (
				4CD8CC34282C30030096B7A7 /* SandboxSwiftUITests.swift in Sources */,
			);
			runOnlyForDeploymentPostprocessing = 0;
		};
		4CD8CC35282C30030096B7A7 /* Sources */ = {
			isa = PBXSourcesBuildPhase;
			buildActionMask = 2147483647;
			files = (
				4CD8CC40282C30030096B7A7 /* SandboxSwiftUIUITestsLaunchTests.swift in Sources */,
				4CD8CC3E282C30030096B7A7 /* SandboxSwiftUIUITests.swift in Sources */,
			);
			runOnlyForDeploymentPostprocessing = 0;
		};
/* End PBXSourcesBuildPhase section */

/* Begin PBXTargetDependency section */
		4CD8CC31282C30030096B7A7 /* PBXTargetDependency */ = {
			isa = PBXTargetDependency;
			target = 4CD8CC1E282C30020096B7A7 /* SandboxSwiftUI */;
			targetProxy = 4CD8CC30282C30030096B7A7 /* PBXContainerItemProxy */;
		};
		4CD8CC3B282C30030096B7A7 /* PBXTargetDependency */ = {
			isa = PBXTargetDependency;
			target = 4CD8CC1E282C30020096B7A7 /* SandboxSwiftUI */;
			targetProxy = 4CD8CC3A282C30030096B7A7 /* PBXContainerItemProxy */;
		};
/* End PBXTargetDependency section */

/* Begin XCBuildConfiguration section */
		4CD8CC41282C30030096B7A7 /* Debug */ = {
			isa = XCBuildConfiguration;
			buildSettings = {
				ALWAYS_SEARCH_USER_PATHS = NO;
				CLANG_ANALYZER_NONNULL = YES;
				CLANG_ANALYZER_NUMBER_OBJECT_CONVERSION = YES_AGGRESSIVE;
				CLANG_CXX_LANGUAGE_STANDARD = "gnu++17";
				CLANG_ENABLE_MODULES = YES;
				CLANG_ENABLE_OBJC_ARC = YES;
				CLANG_ENABLE_OBJC_WEAK = YES;
				CLANG_WARN_BLOCK_CAPTURE_AUTORELEASING = YES;
				CLANG_WARN_BOOL_CONVERSION = YES;
				CLANG_WARN_COMMA = YES;
				CLANG_WARN_CONSTANT_CONVERSION = YES;
				CLANG_WARN_DEPRECATED_OBJC_IMPLEMENTATIONS = YES;
				CLANG_WARN_DIRECT_OBJC_ISA_USAGE = YES_ERROR;
				CLANG_WARN_DOCUMENTATION_COMMENTS = YES;
				CLANG_WARN_EMPTY_BODY = YES;
				CLANG_WARN_ENUM_CONVERSION = YES;
				CLANG_WARN_INFINITE_RECURSION = YES;
				CLANG_WARN_INT_CONVERSION = YES;
				CLANG_WARN_NON_LITERAL_NULL_CONVERSION = YES;
				CLANG_WARN_OBJC_IMPLICIT_RETAIN_SELF = YES;
				CLANG_WARN_OBJC_LITERAL_CONVERSION = YES;
				CLANG_WARN_OBJC_ROOT_CLASS = YES_ERROR;
				CLANG_WARN_QUOTED_INCLUDE_IN_FRAMEWORK_HEADER = YES;
				CLANG_WARN_RANGE_LOOP_ANALYSIS = YES;
				CLANG_WARN_STRICT_PROTOTYPES = YES;
				CLANG_WARN_SUSPICIOUS_MOVE = YES;
				CLANG_WARN_UNGUARDED_AVAILABILITY = YES_AGGRESSIVE;
				CLANG_WARN_UNREACHABLE_CODE = YES;
				CLANG_WARN__DUPLICATE_METHOD_MATCH = YES;
				COPY_PHASE_STRIP = NO;
				DEBUG_INFORMATION_FORMAT = dwarf;
				ENABLE_STRICT_OBJC_MSGSEND = YES;
				ENABLE_TESTABILITY = YES;
				GCC_C_LANGUAGE_STANDARD = gnu11;
				GCC_DYNAMIC_NO_PIC = NO;
				GCC_NO_COMMON_BLOCKS = YES;
				GCC_OPTIMIZATION_LEVEL = 0;
				GCC_PREPROCESSOR_DEFINITIONS = (
					"DEBUG=1",
					"$(inherited)",
				);
				GCC_WARN_64_TO_32_BIT_CONVERSION = YES;
				GCC_WARN_ABOUT_RETURN_TYPE = YES_ERROR;
				GCC_WARN_UNDECLARED_SELECTOR = YES;
				GCC_WARN_UNINITIALIZED_AUTOS = YES_AGGRESSIVE;
				GCC_WARN_UNUSED_FUNCTION = YES;
				GCC_WARN_UNUSED_VARIABLE = YES;
				IPHONEOS_DEPLOYMENT_TARGET = 15.4;
				MTL_ENABLE_DEBUG_INFO = INCLUDE_SOURCE;
				MTL_FAST_MATH = YES;
				ONLY_ACTIVE_ARCH = YES;
				SDKROOT = iphoneos;
				SWIFT_ACTIVE_COMPILATION_CONDITIONS = DEBUG;
				SWIFT_OPTIMIZATION_LEVEL = "-Onone";
			};
			name = Debug;
		};
		4CD8CC42282C30030096B7A7 /* Release */ = {
			isa = XCBuildConfiguration;
			buildSettings = {
				ALWAYS_SEARCH_USER_PATHS = NO;
				CLANG_ANALYZER_NONNULL = YES;
				CLANG_ANALYZER_NUMBER_OBJECT_CONVERSION = YES_AGGRESSIVE;
				CLANG_CXX_LANGUAGE_STANDARD = "gnu++17";
				CLANG_ENABLE_MODULES = YES;
				CLANG_ENABLE_OBJC_ARC = YES;
				CLANG_ENABLE_OBJC_WEAK = YES;
				CLANG_WARN_BLOCK_CAPTURE_AUTORELEASING = YES;
				CLANG_WARN_BOOL_CONVERSION = YES;
				CLANG_WARN_COMMA = YES;
				CLANG_WARN_CONSTANT_CONVERSION = YES;
				CLANG_WARN_DEPRECATED_OBJC_IMPLEMENTATIONS = YES;
				CLANG_WARN_DIRECT_OBJC_ISA_USAGE = YES_ERROR;
				CLANG_WARN_DOCUMENTATION_COMMENTS = YES;
				CLANG_WARN_EMPTY_BODY = YES;
				CLANG_WARN_ENUM_CONVERSION = YES;
				CLANG_WARN_INFINITE_RECURSION = YES;
				CLANG_WARN_INT_CONVERSION = YES;
				CLANG_WARN_NON_LITERAL_NULL_CONVERSION = YES;
				CLANG_WARN_OBJC_IMPLICIT_RETAIN_SELF = YES;
				CLANG_WARN_OBJC_LITERAL_CONVERSION = YES;
				CLANG_WARN_OBJC_ROOT_CLASS = YES_ERROR;
				CLANG_WARN_QUOTED_INCLUDE_IN_FRAMEWORK_HEADER = YES;
				CLANG_WARN_RANGE_LOOP_ANALYSIS = YES;
				CLANG_WARN_STRICT_PROTOTYPES = YES;
				CLANG_WARN_SUSPICIOUS_MOVE = YES;
				CLANG_WARN_UNGUARDED_AVAILABILITY = YES_AGGRESSIVE;
				CLANG_WARN_UNREACHABLE_CODE = YES;
				CLANG_WARN__DUPLICATE_METHOD_MATCH = YES;
				COPY_PHASE_STRIP = NO;
				DEBUG_INFORMATION_FORMAT = "dwarf-with-dsym";
				ENABLE_NS_ASSERTIONS = NO;
				ENABLE_STRICT_OBJC_MSGSEND = YES;
				GCC_C_LANGUAGE_STANDARD = gnu11;
				GCC_NO_COMMON_BLOCKS = YES;
				GCC_WARN_64_TO_32_BIT_CONVERSION = YES;
				GCC_WARN_ABOUT_RETURN_TYPE = YES_ERROR;
				GCC_WARN_UNDECLARED_SELECTOR = YES;
				GCC_WARN_UNINITIALIZED_AUTOS = YES_AGGRESSIVE;
				GCC_WARN_UNUSED_FUNCTION = YES;
				GCC_WARN_UNUSED_VARIABLE = YES;
				IPHONEOS_DEPLOYMENT_TARGET = 15.4;
				MTL_ENABLE_DEBUG_INFO = NO;
				MTL_FAST_MATH = YES;
				SDKROOT = iphoneos;
				SWIFT_COMPILATION_MODE = wholemodule;
				SWIFT_OPTIMIZATION_LEVEL = "-O";
				VALIDATE_PRODUCT = YES;
			};
			name = Release;
		};
		4CD8CC44282C30030096B7A7 /* Debug */ = {
			isa = XCBuildConfiguration;
			buildSettings = {
				ASSETCATALOG_COMPILER_APPICON_NAME = AppIcon;
				ASSETCATALOG_COMPILER_GLOBAL_ACCENT_COLOR_NAME = AccentColor;
				CODE_SIGN_STYLE = Automatic;
				CURRENT_PROJECT_VERSION = 1;
				DEVELOPMENT_ASSET_PATHS = "\"SandboxSwiftUI/Preview Content\"";
				ENABLE_PREVIEWS = YES;
				GENERATE_INFOPLIST_FILE = YES;
				INFOPLIST_KEY_UIApplicationSceneManifest_Generation = YES;
				INFOPLIST_KEY_UIApplicationSupportsIndirectInputEvents = YES;
				INFOPLIST_KEY_UILaunchScreen_Generation = YES;
				INFOPLIST_KEY_UISupportedInterfaceOrientations_iPad = "UIInterfaceOrientationPortrait UIInterfaceOrientationPortraitUpsideDown UIInterfaceOrientationLandscapeLeft UIInterfaceOrientationLandscapeRight";
				INFOPLIST_KEY_UISupportedInterfaceOrientations_iPhone = "UIInterfaceOrientationPortrait UIInterfaceOrientationLandscapeLeft UIInterfaceOrientationLandscapeRight";
				LD_RUNPATH_SEARCH_PATHS = (
					"$(inherited)",
					"@executable_path/Frameworks",
				);
				MARKETING_VERSION = 1.0;
				PRODUCT_BUNDLE_IDENTIFIER = ana.SandboxSwiftUI;
				PRODUCT_NAME = "$(TARGET_NAME)";
				SWIFT_EMIT_LOC_STRINGS = YES;
				SWIFT_VERSION = 5.0;
				TARGETED_DEVICE_FAMILY = "1,2";
			};
			name = Debug;
		};
		4CD8CC45282C30030096B7A7 /* Release */ = {
			isa = XCBuildConfiguration;
			buildSettings = {
				ASSETCATALOG_COMPILER_APPICON_NAME = AppIcon;
				ASSETCATALOG_COMPILER_GLOBAL_ACCENT_COLOR_NAME = AccentColor;
				CODE_SIGN_STYLE = Automatic;
				CURRENT_PROJECT_VERSION = 1;
				DEVELOPMENT_ASSET_PATHS = "\"SandboxSwiftUI/Preview Content\"";
				ENABLE_PREVIEWS = YES;
				GENERATE_INFOPLIST_FILE = YES;
				INFOPLIST_KEY_UIApplicationSceneManifest_Generation = YES;
				INFOPLIST_KEY_UIApplicationSupportsIndirectInputEvents = YES;
				INFOPLIST_KEY_UILaunchScreen_Generation = YES;
				INFOPLIST_KEY_UISupportedInterfaceOrientations_iPad = "UIInterfaceOrientationPortrait UIInterfaceOrientationPortraitUpsideDown UIInterfaceOrientationLandscapeLeft UIInterfaceOrientationLandscapeRight";
				INFOPLIST_KEY_UISupportedInterfaceOrientations_iPhone = "UIInterfaceOrientationPortrait UIInterfaceOrientationLandscapeLeft UIInterfaceOrientationLandscapeRight";
				LD_RUNPATH_SEARCH_PATHS = (
					"$(inherited)",
					"@executable_path/Frameworks",
				);
				MARKETING_VERSION = 1.0;
				PRODUCT_BUNDLE_IDENTIFIER = ana.SandboxSwiftUI;
				PRODUCT_NAME = "$(TARGET_NAME)";
				SWIFT_EMIT_LOC_STRINGS = YES;
				SWIFT_VERSION = 5.0;
				TARGETED_DEVICE_FAMILY = "1,2";
			};
			name = Release;
		};
		4CD8CC47282C30030096B7A7 /* Debug */ = {
			isa = XCBuildConfiguration;
			buildSettings = {
				ALWAYS_EMBED_SWIFT_STANDARD_LIBRARIES = YES;
				BUNDLE_LOADER = "$(TEST_HOST)";
				CODE_SIGN_STYLE = Automatic;
				CURRENT_PROJECT_VERSION = 1;
				GENERATE_INFOPLIST_FILE = YES;
				IPHONEOS_DEPLOYMENT_TARGET = 15.4;
				MARKETING_VERSION = 1.0;
				PRODUCT_BUNDLE_IDENTIFIER = ana.SandboxSwiftUITests;
				PRODUCT_NAME = "$(TARGET_NAME)";
				SWIFT_EMIT_LOC_STRINGS = NO;
				SWIFT_VERSION = 5.0;
				TARGETED_DEVICE_FAMILY = "1,2";
				TEST_HOST = "$(BUILT_PRODUCTS_DIR)/SandboxSwiftUI.app/SandboxSwiftUI";
			};
			name = Debug;
		};
		4CD8CC48282C30030096B7A7 /* Release */ = {
			isa = XCBuildConfiguration;
			buildSettings = {
				ALWAYS_EMBED_SWIFT_STANDARD_LIBRARIES = YES;
				BUNDLE_LOADER = "$(TEST_HOST)";
				CODE_SIGN_STYLE = Automatic;
				CURRENT_PROJECT_VERSION = 1;
				GENERATE_INFOPLIST_FILE = YES;
				IPHONEOS_DEPLOYMENT_TARGET = 15.4;
				MARKETING_VERSION = 1.0;
				PRODUCT_BUNDLE_IDENTIFIER = ana.SandboxSwiftUITests;
				PRODUCT_NAME = "$(TARGET_NAME)";
				SWIFT_EMIT_LOC_STRINGS = NO;
				SWIFT_VERSION = 5.0;
				TARGETED_DEVICE_FAMILY = "1,2";
				TEST_HOST = "$(BUILT_PRODUCTS_DIR)/SandboxSwiftUI.app/SandboxSwiftUI";
			};
			name = Release;
		};
		4CD8CC4A282C30030096B7A7 /* Debug */ = {
			isa = XCBuildConfiguration;
			buildSettings = {
				ALWAYS_EMBED_SWIFT_STANDARD_LIBRARIES = YES;
				CODE_SIGN_STYLE = Automatic;
				CURRENT_PROJECT_VERSION = 1;
				GENERATE_INFOPLIST_FILE = YES;
				MARKETING_VERSION = 1.0;
				PRODUCT_BUNDLE_IDENTIFIER = ana.SandboxSwiftUIUITests;
				PRODUCT_NAME = "$(TARGET_NAME)";
				SWIFT_EMIT_LOC_STRINGS = NO;
				SWIFT_VERSION = 5.0;
				TARGETED_DEVICE_FAMILY = "1,2";
				TEST_TARGET_NAME = SandboxSwiftUI;
			};
			name = Debug;
		};
		4CD8CC4B282C30030096B7A7 /* Release */ = {
			isa = XCBuildConfiguration;
			buildSettings = {
				ALWAYS_EMBED_SWIFT_STANDARD_LIBRARIES = YES;
				CODE_SIGN_STYLE = Automatic;
				CURRENT_PROJECT_VERSION = 1;
				GENERATE_INFOPLIST_FILE = YES;
				MARKETING_VERSION = 1.0;
				PRODUCT_BUNDLE_IDENTIFIER = ana.SandboxSwiftUIUITests;
				PRODUCT_NAME = "$(TARGET_NAME)";
				SWIFT_EMIT_LOC_STRINGS = NO;
				SWIFT_VERSION = 5.0;
				TARGETED_DEVICE_FAMILY = "1,2";
				TEST_TARGET_NAME = SandboxSwiftUI;
			};
			name = Release;
		};
/* End XCBuildConfiguration section */

/* Begin XCConfigurationList section */
		4CD8CC1A282C30020096B7A7 /* Build configuration list for PBXProject "SandboxSwiftUI" */ = {
			isa = XCConfigurationList;
			buildConfigurations = (
				4CD8CC41282C30030096B7A7 /* Debug */,
				4CD8CC42282C30030096B7A7 /* Release */,
			);
			defaultConfigurationIsVisible = 0;
			defaultConfigurationName = Release;
		};
		4CD8CC43282C30030096B7A7 /* Build configuration list for PBXNativeTarget "SandboxSwiftUI" */ = {
			isa = XCConfigurationList;
			buildConfigurations = (
				4CD8CC44282C30030096B7A7 /* Debug */,
				4CD8CC45282C30030096B7A7 /* Release */,
			);
			defaultConfigurationIsVisible = 0;
			defaultConfigurationName = Release;
		};
		4CD8CC46282C30030096B7A7 /* Build configuration list for PBXNativeTarget "SandboxSwiftUITests" */ = {
			isa = XCConfigurationList;
			buildConfigurations = (
				4CD8CC47282C30030096B7A7 /* Debug */,
				4CD8CC48282C30030096B7A7 /* Release */,
			);
			defaultConfigurationIsVisible = 0;
			defaultConfigurationName = Release;
		};
		4CD8CC49282C30030096B7A7 /* Build configuration list for PBXNativeTarget "SandboxSwiftUIUITests" */ = {
			isa = XCConfigurationList;
			buildConfigurations = (
				4CD8CC4A282C30030096B7A7 /* Debug */,
				4CD8CC4B282C30030096B7A7 /* Release */,
			);
			defaultConfigurationIsVisible = 0;
			defaultConfigurationName = Release;
		};
/* End XCConfigurationList section */
	};
	rootObject = 4CD8CC17282C30020096B7A7 /* Project object */;
}
